{
  "nodes": {
    "flake-parts": {
      "inputs": {
        "nixpkgs-lib": [
          "nixpkgs"
        ]
      },
      "locked": {
        "lastModified": 1743550720,
        "narHash": "sha256-hIshGgKZCgWh6AYJpJmRgFdR3WUbkY04o82X05xqQiY=",
        "owner": "hercules-ci",
        "repo": "flake-parts",
        "rev": "c621e8422220273271f52058f618c94e405bb0f5",
        "type": "github"
      },
      "original": {
        "owner": "hercules-ci",
        "repo": "flake-parts",
        "type": "github"
      }
    },
    "lite-xl-plugins": {
      "flake": false,
      "locked": {
        "lastModified": 1746114745,
        "narHash": "sha256-hhohhW2kC8oBTk3RYW/V9rFzgSJJqseUkDApHv+oBsY=",
        "owner": "lite-xl",
        "repo": "lite-xl-plugins",
        "rev": "499961ac9d08c803c814244e36b2174e9494b532",
        "type": "github"
      },
      "original": {
        "owner": "lite-xl",
        "repo": "lite-xl-plugins",
        "type": "github"
      }
    },
    "nixpkgs": {
      "locked": {
        "lastModified": 1747790854,
        "narHash": "sha256-8TpwOtr0T016HNlVuDcDNq4q+GMKfLStOSwdabrz+rk=",
        "owner": "nixos",
        "repo": "nixpkgs",
        "rev": "f0d925b947cca0bbe7f2d25115cbaf021844aba7",
        "type": "github"
      },
      "original": {
        "owner": "nixos",
        "ref": "nixpkgs-unstable",
        "repo": "nixpkgs",
        "type": "github"
      }
    },
    "root": {
      "inputs": {
        "flake-parts": "flake-parts",
        "lite-xl-plugins": "lite-xl-plugins",
        "nixpkgs": "nixpkgs"
      }
    }
  },
  "root": "root",
  "version": 7
}
